
Microsoft Visual Studio Solution File, Format Version 12.00
# Visual Studio Version 17
VisualStudioVersion = 17.13.35825.156 d17.13
MinimumVisualStudioVersion = 10.0.40219.1
Project("{FAE04EC0-301F-11D3-BF4B-00C04F79EFBC}") = "ExpLogs", "ExpLogs.csproj", "{03546573-83EA-42F6-B680-5CE7E29FD26D}"
EndProject
Global
	GlobalSection(SolutionConfigurationPlatforms) = preSolution
		Debug|Any CPU = Debug|Any CPU
		Release|Any CPU = Release|Any CPU
	EndGlobalSection
	GlobalSection(ProjectConfigurationPlatforms) = postSolution
		{03546573-83EA-42F6-B680-5CE7E29FD26D}.Debug|Any CPU.ActiveCfg = Debug|Any CPU
		{03546573-83EA-42F6-B680-5CE7E29FD26D}.Debug|Any CPU.Build.0 = Debug|Any CPU
		{03546573-83EA-42F6-B680-5CE7E29FD26D}.Release|Any CPU.ActiveCfg = Release|Any CPU
		{03546573-83EA-42F6-B680-5CE7E29FD26D}.Release|Any CPU.Build.0 = Release|Any CPU
	EndGlobalSection
	GlobalSection(SolutionProperties) = preSolution
		HideSolutionNode = FALSE
	EndGlobalSection
	GlobalSection(ExtensibilityGlobals) = postSolution
		SolutionGuid = {913D1D4C-9829-43B0-A04D-E4C4A4CC9DFE}
	EndGlobalSection
EndGlobal
